// !$*UTF8*$!
{
	archiveVersion = 1;
	classes = {
	};
	objectVersion = 46;
	objects = {

/* Begin PBXBuildFile section */
		F50A7AD61DC76E9700019F73 /* ItemCell.swift in Sources */ = {isa = PBXBuildFile; fileRef = F50A7AD51DC76E9700019F73 /* ItemCell.swift */; };
		F52B596D1DCC8B0700D9F41B /* ItemDetailsVC.swift in Sources */ = {isa = PBXBuildFile; fileRef = F52B596C1DCC8B0700D9F41B /* ItemDetailsVC.swift */; };
		F52B596F1DCC8B2800D9F41B /* CustomTextField.swift in Sources */ = {isa = PBXBuildFile; fileRef = F52B596E1DCC8B2800D9F41B /* CustomTextField.swift */; };
		F5B3783D1DC37B8F009579AA /* AppDelegate.swift in Sources */ = {isa = PBXBuildFile; fileRef = F5B3783C1DC37B8F009579AA /* AppDelegate.swift */; };
		F5B3783F1DC37B8F009579AA /* MainVC.swift in Sources */ = {isa = PBXBuildFile; fileRef = F5B3783E1DC37B8F009579AA /* MainVC.swift */; };
		F5B378421DC37B8F009579AA /* Main.storyboard in Resources */ = {isa = PBXBuildFile; fileRef = F5B378401DC37B8F009579AA /* Main.storyboard */; };
		F5B378451DC37B90009579AA /* DreamLister.xcdatamodeld in Sources */ = {isa = PBXBuildFile; fileRef = F5B378431DC37B90009579AA /* DreamLister.xcdatamodeld */; };
		F5B378471DC37B90009579AA /* Assets.xcassets in Resources */ = {isa = PBXBuildFile; fileRef = F5B378461DC37B90009579AA /* Assets.xcassets */; };
		F5B3784A1DC37B90009579AA /* LaunchScreen.storyboard in Resources */ = {isa = PBXBuildFile; fileRef = F5B378481DC37B90009579AA /* LaunchScreen.storyboard */; };
		F5D722BE1DC3982700650552 /* Item+CoreDataClass.swift in Sources */ = {isa = PBXBuildFile; fileRef = F5D722B61DC3982700650552 /* Item+CoreDataClass.swift */; };
		F5D722BF1DC3982700650552 /* Item+CoreDataProperties.swift in Sources */ = {isa = PBXBuildFile; fileRef = F5D722B71DC3982700650552 /* Item+CoreDataProperties.swift */; };
		F5D722C01DC3982700650552 /* Store+CoreDataClass.swift in Sources */ = {isa = PBXBuildFile; fileRef = F5D722B81DC3982700650552 /* Store+CoreDataClass.swift */; };
		F5D722C11DC3982700650552 /* Store+CoreDataProperties.swift in Sources */ = {isa = PBXBuildFile; fileRef = F5D722B91DC3982700650552 /* Store+CoreDataProperties.swift */; };
		F5D722C21DC3982700650552 /* Image+CoreDataClass.swift in Sources */ = {isa = PBXBuildFile; fileRef = F5D722BA1DC3982700650552 /* Image+CoreDataClass.swift */; };
		F5D722C31DC3982700650552 /* Image+CoreDataProperties.swift in Sources */ = {isa = PBXBuildFile; fileRef = F5D722BB1DC3982700650552 /* Image+CoreDataProperties.swift */; };
		F5D722C41DC3982700650552 /* ItemType+CoreDataClass.swift in Sources */ = {isa = PBXBuildFile; fileRef = F5D722BC1DC3982700650552 /* ItemType+CoreDataClass.swift */; };
		F5D722C51DC3982700650552 /* ItemType+CoreDataProperties.swift in Sources */ = {isa = PBXBuildFile; fileRef = F5D722BD1DC3982700650552 /* ItemType+CoreDataProperties.swift */; };
		F5E8E8AE1DC7504F0079C643 /* MaterialView.swift in Sources */ = {isa = PBXBuildFile; fileRef = F5E8E8AD1DC7504F0079C643 /* MaterialView.swift */; };
/* End PBXBuildFile section */

/* Begin PBXFileReference section */
		F50A7AD51DC76E9700019F73 /* ItemCell.swift */ = {isa = PBXFileReference; fileEncoding = 4; lastKnownFileType = sourcecode.swift; path = ItemCell.swift; sourceTree = "<group>"; };
		F52B596C1DCC8B0700D9F41B /* ItemDetailsVC.swift */ = {isa = PBXFileReference; fileEncoding = 4; lastKnownFileType = sourcecode.swift; path = ItemDetailsVC.swift; sourceTree = "<group>"; };
		F52B596E1DCC8B2800D9F41B /* CustomTextField.swift */ = {isa = PBXFileReference; fileEncoding = 4; lastKnownFileType = sourcecode.swift; path = CustomTextField.swift; sourceTree = "<group>"; };
		F5B378391DC37B8E009579AA /* DreamLister.app */ = {isa = PBXFileReference; explicitFileType = wrapper.application; includeInIndex = 0; path = DreamLister.app; sourceTree = BUILT_PRODUCTS_DIR; };
		F5B3783C1DC37B8F009579AA /* AppDelegate.swift */ = {isa = PBXFileReference; lastKnownFileType = sourcecode.swift; path = AppDelegate.swift; sourceTree = "<group>"; };
		F5B3783E1DC37B8F009579AA /* MainVC.swift */ = {isa = PBXFileReference; lastKnownFileType = sourcecode.swift; path = MainVC.swift; sourceTree = "<group>"; };
		F5B378411DC37B8F009579AA /* Base */ = {isa = PBXFileReference; lastKnownFileType = file.storyboard; name = Base; path = Base.lproj/Main.storyboard; sourceTree = "<group>"; };
		F5B378441DC37B90009579AA /* DreamLister.xcdatamodel */ = {isa = PBXFileReference; lastKnownFileType = wrapper.xcdatamodel; path = DreamLister.xcdatamodel; sourceTree = "<group>"; };
		F5B378461DC37B90009579AA /* Assets.xcassets */ = {isa = PBXFileReference; lastKnownFileType = folder.assetcatalog; path = Assets.xcassets; sourceTree = "<group>"; };
		F5B378491DC37B90009579AA /* Base */ = {isa = PBXFileReference; lastKnownFileType = file.storyboard; name = Base; path = Base.lproj/LaunchScreen.storyboard; sourceTree = "<group>"; };
		F5B3784B1DC37B90009579AA /* Info.plist */ = {isa = PBXFileReference; lastKnownFileType = text.plist.xml; path = Info.plist; sourceTree = "<group>"; };
		F5D722B61DC3982700650552 /* Item+CoreDataClass.swift */ = {isa = PBXFileReference; fileEncoding = 4; lastKnownFileType = sourcecode.swift; path = "Item+CoreDataClass.swift"; sourceTree = "<group>"; };
		F5D722B71DC3982700650552 /* Item+CoreDataProperties.swift */ = {isa = PBXFileReference; fileEncoding = 4; lastKnownFileType = sourcecode.swift; path = "Item+CoreDataProperties.swift"; sourceTree = "<group>"; };
		F5D722B81DC3982700650552 /* Store+CoreDataClass.swift */ = {isa = PBXFileReference; fileEncoding = 4; lastKnownFileType = sourcecode.swift; path = "Store+CoreDataClass.swift"; sourceTree = "<group>"; };
		F5D722B91DC3982700650552 /* Store+CoreDataProperties.swift */ = {isa = PBXFileReference; fileEncoding = 4; lastKnownFileType = sourcecode.swift; path = "Store+CoreDataProperties.swift"; sourceTree = "<group>"; };
		F5D722BA1DC3982700650552 /* Image+CoreDataClass.swift */ = {isa = PBXFileReference; fileEncoding = 4; lastKnownFileType = sourcecode.swift; path = "Image+CoreDataClass.swift"; sourceTree = "<group>"; };
		F5D722BB1DC3982700650552 /* Image+CoreDataProperties.swift */ = {isa = PBXFileReference; fileEncoding = 4; lastKnownFileType = sourcecode.swift; path = "Image+CoreDataProperties.swift"; sourceTree = "<group>"; };
		F5D722BC1DC3982700650552 /* ItemType+CoreDataClass.swift */ = {isa = PBXFileReference; fileEncoding = 4; lastKnownFileType = sourcecode.swift; path = "ItemType+CoreDataClass.swift"; sourceTree = "<group>"; };
		F5D722BD1DC3982700650552 /* ItemType+CoreDataProperties.swift */ = {isa = PBXFileReference; fileEncoding = 4; lastKnownFileType = sourcecode.swift; path = "ItemType+CoreDataProperties.swift"; sourceTree = "<group>"; };
		F5E8E8AD1DC7504F0079C643 /* MaterialView.swift */ = {isa = PBXFileReference; fileEncoding = 4; lastKnownFileType = sourcecode.swift; path = MaterialView.swift; sourceTree = "<group>"; };
/* End PBXFileReference section */

/* Begin PBXFrameworksBuildPhase section */
		F5B378361DC37B8A009579AA /* Frameworks */ = {
			isa = PBXFrameworksBuildPhase;
			buildActionMask = 2147483647;
			files = (
			);
			runOnlyForDeploymentPostprocessing = 0;
		};
/* End PBXFrameworksBuildPhase section */

/* Begin PBXGroup section */
		F50A7AD71DC7703800019F73 /* Controller */ = {
			isa = PBXGroup;
			children = (
				F5B3783E1DC37B8F009579AA /* MainVC.swift */,
				F52B596C1DCC8B0700D9F41B /* ItemDetailsVC.swift */,
			);
			name = Controller;
			sourceTree = "<group>";
		};
		F5B378301DC37B89009579AA = {
			isa = PBXGroup;
			children = (
				F5B3783B1DC37B8E009579AA /* DreamLister */,
				F5B3783A1DC37B8E009579AA /* Products */,
			);
			sourceTree = "<group>";
		};
		F5B3783A1DC37B8E009579AA /* Products */ = {
			isa = PBXGroup;
			children = (
				F5B378391DC37B8E009579AA /* DreamLister.app */,
			);
			name = Products;
			sourceTree = "<group>";
		};
		F5B3783B1DC37B8E009579AA /* DreamLister */ = {
			isa = PBXGroup;
			children = (
				F5E8E8AC1DC750380079C643 /* View */,
				F5D722C61DC3983A00650552 /* Model */,
				F50A7AD71DC7703800019F73 /* Controller */,
				F5B3783C1DC37B8F009579AA /* AppDelegate.swift */,
				F5B378401DC37B8F009579AA /* Main.storyboard */,
				F5B378461DC37B90009579AA /* Assets.xcassets */,
				F5B378481DC37B90009579AA /* LaunchScreen.storyboard */,
				F5B3784B1DC37B90009579AA /* Info.plist */,
				F5B378431DC37B90009579AA /* DreamLister.xcdatamodeld */,
			);
			path = DreamLister;
			sourceTree = "<group>";
		};
		F5D722C61DC3983A00650552 /* Model */ = {
			isa = PBXGroup;
			children = (
				F5D722B61DC3982700650552 /* Item+CoreDataClass.swift */,
				F5D722B81DC3982700650552 /* Store+CoreDataClass.swift */,
				F5D722BA1DC3982700650552 /* Image+CoreDataClass.swift */,
				F5D722BC1DC3982700650552 /* ItemType+CoreDataClass.swift */,
				F5D722C71DC3984000650552 /* Generated */,
			);
			name = Model;
			sourceTree = "<group>";
		};
		F5D722C71DC3984000650552 /* Generated */ = {
			isa = PBXGroup;
			children = (
				F5D722B71DC3982700650552 /* Item+CoreDataProperties.swift */,
				F5D722B91DC3982700650552 /* Store+CoreDataProperties.swift */,
				F5D722BB1DC3982700650552 /* Image+CoreDataProperties.swift */,
				F5D722BD1DC3982700650552 /* ItemType+CoreDataProperties.swift */,
			);
			name = Generated;
			sourceTree = "<group>";
		};
		F5E8E8AC1DC750380079C643 /* View */ = {
			isa = PBXGroup;
			children = (
				F5E8E8AD1DC7504F0079C643 /* MaterialView.swift */,
				F50A7AD51DC76E9700019F73 /* ItemCell.swift */,
				F52B596E1DCC8B2800D9F41B /* CustomTextField.swift */,
			);
			name = View;
			sourceTree = "<group>";
		};
/* End PBXGroup section */

/* Begin PBXNativeTarget section */
		F5B378381DC37B8A009579AA /* DreamLister */ = {
			isa = PBXNativeTarget;
			buildConfigurationList = F5B3784E1DC37B90009579AA /* Build configuration list for PBXNativeTarget "DreamLister" */;
			buildPhases = (
				F5B378351DC37B8A009579AA /* Sources */,
				F5B378361DC37B8A009579AA /* Frameworks */,
				F5B378371DC37B8A009579AA /* Resources */,
			);
			buildRules = (
			);
			dependencies = (
			);
			name = DreamLister;
			productName = DreamLister;
			productReference = F5B378391DC37B8E009579AA /* DreamLister.app */;
			productType = "com.apple.product-type.application";
		};
/* End PBXNativeTarget section */

/* Begin PBXProject section */
		F5B378311DC37B89009579AA /* Project object */ = {
			isa = PBXProject;
			attributes = {
				LastSwiftUpdateCheck = 0800;
				LastUpgradeCheck = 0810;
				ORGANIZATIONNAME = "Pieter Velghe";
				TargetAttributes = {
					F5B378381DC37B8A009579AA = {
						CreatedOnToolsVersion = 8.0;
						DevelopmentTeam = P83DAHSG4B;
						ProvisioningStyle = Automatic;
					};
				};
			};
			buildConfigurationList = F5B378341DC37B89009579AA /* Build configuration list for PBXProject "DreamLister" */;
			compatibilityVersion = "Xcode 3.2";
			developmentRegion = English;
			hasScannedForEncodings = 0;
			knownRegions = (
				en,
				Base,
			);
			mainGroup = F5B378301DC37B89009579AA;
			productRefGroup = F5B3783A1DC37B8E009579AA /* Products */;
			projectDirPath = "";
			projectRoot = "";
			targets = (
				F5B378381DC37B8A009579AA /* DreamLister */,
			);
		};
/* End PBXProject section */

/* Begin PBXResourcesBuildPhase section */
		F5B378371DC37B8A009579AA /* Resources */ = {
			isa = PBXResourcesBuildPhase;
			buildActionMask = 2147483647;
			files = (
				F5B3784A1DC37B90009579AA /* LaunchScreen.storyboard in Resources */,
				F5B378471DC37B90009579AA /* Assets.xcassets in Resources */,
				F5B378421DC37B8F009579AA /* Main.storyboard in Resources */,
			);
			runOnlyForDeploymentPostprocessing = 0;
		};
/* End PBXResourcesBuildPhase section */

/* Begin PBXSourcesBuildPhase section */
		F5B378351DC37B8A009579AA /* Sources */ = {
			isa = PBXSourcesBuildPhase;
			buildActionMask = 2147483647;
			files = (
				F50A7AD61DC76E9700019F73 /* ItemCell.swift in Sources */,
				F5D722C31DC3982700650552 /* Image+CoreDataProperties.swift in Sources */,
				F5B3783F1DC37B8F009579AA /* MainVC.swift in Sources */,
				F5D722C41DC3982700650552 /* ItemType+CoreDataClass.swift in Sources */,
				F5E8E8AE1DC7504F0079C643 /* MaterialView.swift in Sources */,
				F5D722C01DC3982700650552 /* Store+CoreDataClass.swift in Sources */,
				F5B3783D1DC37B8F009579AA /* AppDelegate.swift in Sources */,
				F5D722C21DC3982700650552 /* Image+CoreDataClass.swift in Sources */,
				F52B596D1DCC8B0700D9F41B /* ItemDetailsVC.swift in Sources */,
				F5D722BE1DC3982700650552 /* Item+CoreDataClass.swift in Sources */,
				F5D722C51DC3982700650552 /* ItemType+CoreDataProperties.swift in Sources */,
				F5D722C11DC3982700650552 /* Store+CoreDataProperties.swift in Sources */,
				F5B378451DC37B90009579AA /* DreamLister.xcdatamodeld in Sources */,
				F5D722BF1DC3982700650552 /* Item+CoreDataProperties.swift in Sources */,
				F52B596F1DCC8B2800D9F41B /* CustomTextField.swift in Sources */,
			);
			runOnlyForDeploymentPostprocessing = 0;
		};
/* End PBXSourcesBuildPhase section */

/* Begin PBXVariantGroup section */
		F5B378401DC37B8F009579AA /* Main.storyboard */ = {
			isa = PBXVariantGroup;
			children = (
				F5B378411DC37B8F009579AA /* Base */,
			);
			name = Main.storyboard;
			sourceTree = "<group>";
		};
		F5B378481DC37B90009579AA /* LaunchScreen.storyboard */ = {
			isa = PBXVariantGroup;
			children = (
				F5B378491DC37B90009579AA /* Base */,
			);
			name = LaunchScreen.storyboard;
			sourceTree = "<group>";
		};
/* End PBXVariantGroup section */

/* Begin XCBuildConfiguration section */
		F5B3784C1DC37B90009579AA /* Debug */ = {
			isa = XCBuildConfiguration;
			buildSettings = {
				ALWAYS_SEARCH_USER_PATHS = NO;
				CLANG_ANALYZER_NONNULL = YES;
				CLANG_CXX_LANGUAGE_STANDARD = "gnu++0x";
				CLANG_CXX_LIBRARY = "libc++";
				CLANG_ENABLE_MODULES = YES;
				CLANG_ENABLE_OBJC_ARC = YES;
				CLANG_WARN_BOOL_CONVERSION = YES;
				CLANG_WARN_CONSTANT_CONVERSION = YES;
				CLANG_WARN_DIRECT_OBJC_ISA_USAGE = YES_ERROR;
				CLANG_WARN_DOCUMENTATION_COMMENTS = YES;
				CLANG_WARN_EMPTY_BODY = YES;
				CLANG_WARN_ENUM_CONVERSION = YES;
				CLANG_WARN_INFINITE_RECURSION = YES;
				CLANG_WARN_INT_CONVERSION = YES;
				CLANG_WARN_OBJC_ROOT_CLASS = YES_ERROR;
				CLANG_WARN_SUSPICIOUS_MOVE = YES;
				CLANG_WARN_SUSPICIOUS_MOVES = YES;
				CLANG_WARN_UNREACHABLE_CODE = YES;
				CLANG_WARN__DUPLICATE_METHOD_MATCH = YES;
				"CODE_SIGN_IDENTITY[sdk=iphoneos*]" = "iPhone Developer";
				COPY_PHASE_STRIP = NO;
				DEBUG_INFORMATION_FORMAT = dwarf;
				ENABLE_STRICT_OBJC_MSGSEND = YES;
				ENABLE_TESTABILITY = YES;
				GCC_C_LANGUAGE_STANDARD = gnu99;
				GCC_DYNAMIC_NO_PIC = NO;
				GCC_NO_COMMON_BLOCKS = YES;
				GCC_OPTIMIZATION_LEVEL = 0;
				GCC_PREPROCESSOR_DEFINITIONS = (
					"DEBUG=1",
					"$(inherited)",
				);
				GCC_WARN_64_TO_32_BIT_CONVERSION = YES;
				GCC_WARN_ABOUT_RETURN_TYPE = YES_ERROR;
				GCC_WARN_UNDECLARED_SELECTOR = YES;
				GCC_WARN_UNINITIALIZED_AUTOS = YES_AGGRESSIVE;
				GCC_WARN_UNUSED_FUNCTION = YES;
				GCC_WARN_UNUSED_VARIABLE = YES;
				IPHONEOS_DEPLOYMENT_TARGET = 10.0;
				MTL_ENABLE_DEBUG_INFO = YES;
				ONLY_ACTIVE_ARCH = YES;
				SDKROOT = iphoneos;
				SWIFT_ACTIVE_COMPILATION_CONDITIONS = DEBUG;
				SWIFT_OPTIMIZATION_LEVEL = "-Onone";
				TARGETED_DEVICE_FAMILY = "1,2";
			};
			name = Debug;
		};
		F5B3784D1DC37B90009579AA /* Release */ = {
			isa = XCBuildConfiguration;
			buildSettings = {
				ALWAYS_SEARCH_USER_PATHS = NO;
				CLANG_ANALYZER_NONNULL = YES;
				CLANG_CXX_LANGUAGE_STANDARD = "gnu++0x";
				CLANG_CXX_LIBRARY = "libc++";
				CLANG_ENABLE_MODULES = YES;
				CLANG_ENABLE_OBJC_ARC = YES;
				CLANG_WARN_BOOL_CONVERSION = YES;
				CLANG_WARN_CONSTANT_CONVERSION = YES;
				CLANG_WARN_DIRECT_OBJC_ISA_USAGE = YES_ERROR;
				CLANG_WARN_DOCUMENTATION_COMMENTS = YES;
				CLANG_WARN_EMPTY_BODY = YES;
				CLANG_WARN_ENUM_CONVERSION = YES;
				CLANG_WARN_INFINITE_RECURSION = YES;
				CLANG_WARN_INT_CONVERSION = YES;
				CLANG_WARN_OBJC_ROOT_CLASS = YES_ERROR;
				CLANG_WARN_SUSPICIOUS_MOVE = YES;
				CLANG_WARN_SUSPICIOUS_MOVES = YES;
				CLANG_WARN_UNREACHABLE_CODE = YES;
				CLANG_WARN__DUPLICATE_METHOD_MATCH = YES;
				"CODE_SIGN_IDENTITY[sdk=iphoneos*]" = "iPhone Developer";
				COPY_PHASE_STRIP = NO;
				DEBUG_INFORMATION_FORMAT = "dwarf-with-dsym";
				ENABLE_NS_ASSERTIONS = NO;
				ENABLE_STRICT_OBJC_MSGSEND = YES;
				GCC_C_LANGUAGE_STANDARD = gnu99;
				GCC_NO_COMMON_BLOCKS = YES;
				GCC_WARN_64_TO_32_BIT_CONVERSION = YES;
				GCC_WARN_ABOUT_RETURN_TYPE = YES_ERROR;
				GCC_WARN_UNDECLARED_SELECTOR = YES;
				GCC_WARN_UNINITIALIZED_AUTOS = YES_AGGRESSIVE;
				GCC_WARN_UNUSED_FUNCTION = YES;
				GCC_WARN_UNUSED_VARIABLE = YES;
				IPHONEOS_DEPLOYMENT_TARGET = 10.0;
				MTL_ENABLE_DEBUG_INFO = NO;
				SDKROOT = iphoneos;
				SWIFT_OPTIMIZATION_LEVEL = "-Owholemodule";
				TARGETED_DEVICE_FAMILY = "1,2";
				VALIDATE_PRODUCT = YES;
			};
			name = Release;
		};
		F5B3784F1DC37B90009579AA /* Debug */ = {
			isa = XCBuildConfiguration;
			buildSettings = {
				ASSETCATALOG_COMPILER_APPICON_NAME = AppIcon;
				DEVELOPMENT_TEAM = P83DAHSG4B;
				INFOPLIST_FILE = DreamLister/Info.plist;
				LD_RUNPATH_SEARCH_PATHS = "$(inherited) @executable_path/Frameworks";
				PRODUCT_BUNDLE_IDENTIFIER = be.CeraMo69.DreamLister;
				PRODUCT_NAME = "$(TARGET_NAME)";
				SWIFT_VERSION = 3.0;
				TARGETED_DEVICE_FAMILY = "1,2";
			};
			name = Debug;
		};
		F5B378501DC37B90009579AA /* Release */ = {
			isa = XCBuildConfiguration;
			buildSettings = {
				ASSETCATALOG_COMPILER_APPICON_NAME = AppIcon;
				DEVELOPMENT_TEAM = P83DAHSG4B;
				INFOPLIST_FILE = DreamLister/Info.plist;
				LD_RUNPATH_SEARCH_PATHS = "$(inherited) @executable_path/Frameworks";
				PRODUCT_BUNDLE_IDENTIFIER = be.CeraMo69.DreamLister;
				PRODUCT_NAME = "$(TARGET_NAME)";
				SWIFT_VERSION = 3.0;
				TARGETED_DEVICE_FAMILY = "1,2";
			};
			name = Release;
		};
/* End XCBuildConfiguration section */

/* Begin XCConfigurationList section */
		F5B378341DC37B89009579AA /* Build configuration list for PBXProject "DreamLister" */ = {
			isa = XCConfigurationList;
			buildConfigurations = (
				F5B3784C1DC37B90009579AA /* Debug */,
				F5B3784D1DC37B90009579AA /* Release */,
			);
			defaultConfigurationIsVisible = 0;
			defaultConfigurationName = Release;
		};
		F5B3784E1DC37B90009579AA /* Build configuration list for PBXNativeTarget "DreamLister" */ = {
			isa = XCConfigurationList;
			buildConfigurations = (
				F5B3784F1DC37B90009579AA /* Debug */,
				F5B378501DC37B90009579AA /* Release */,
			);
			defaultConfigurationIsVisible = 0;
			defaultConfigurationName = Release;
		};
/* End XCConfigurationList section */

/* Begin XCVersionGroup section */
		F5B378431DC37B90009579AA /* DreamLister.xcdatamodeld */ = {
			isa = XCVersionGroup;
			children = (
				F5B378441DC37B90009579AA /* DreamLister.xcdatamodel */,
			);
			currentVersion = F5B378441DC37B90009579AA /* DreamLister.xcdatamodel */;
			path = DreamLister.xcdatamodeld;
			sourceTree = "<group>";
			versionGroupType = wrapper.xcdatamodel;
		};
/* End XCVersionGroup section */
	};
	rootObject = F5B378311DC37B89009579AA /* Project object */;
}
